
Microsoft Visual Studio Solution File, Format Version 12.00
# Visual Studio 2012
Project("{FAE04EC0-301F-11D3-BF4B-00C04F79EFBC}") = "ExcelProcessor", "ExcelProcessor\ExcelProcessor.csproj", "{29378559-2520-42A5-AD55-10D5F892DD0E}"
EndProject
Global
	GlobalSection(SolutionConfigurationPlatforms) = preSolution
		Debug|Any CPU = Debug|Any CPU
		Release|Any CPU = Release|Any CPU
	EndGlobalSection
	GlobalSection(ProjectConfigurationPlatforms) = postSolution
		{29378559-2520-42A5-AD55-10D5F892DD0E}.Debug|Any CPU.ActiveCfg = Debug|Any CPU
		{29378559-2520-42A5-AD55-10D5F892DD0E}.Debug|Any CPU.Build.0 = Debug|Any CPU
		{29378559-2520-42A5-AD55-10D5F892DD0E}.Release|Any CPU.ActiveCfg = Release|Any CPU
		{29378559-2520-42A5-AD55-10D5F892DD0E}.Release|Any CPU.Build.0 = Release|Any CPU
	EndGlobalSection
	GlobalSection(SolutionProperties) = preSolution
		HideSolutionNode = FALSE
	EndGlobalSection
EndGlobal
